
Microsoft Visual Studio Solution File, Format Version 12.00
# Visual Studio Version 17
VisualStudioVersion = 17.13.35931.197 d17.13
MinimumVisualStudioVersion = 10.0.40219.1
Project("{FAE04EC0-301F-11D3-BF4B-00C04F79EFBC}") = "E-Commerce Inventory API", "E-Commerce Inventory API\E-Commerce Inventory API.csproj", "{CDE88BF0-DAAF-47B7-B13E-88BD23B141CD}"
EndProject
Global
	GlobalSection(SolutionConfigurationPlatforms) = preSolution
		Debug|Any CPU = Debug|Any CPU
		Release|Any CPU = Release|Any CPU
	EndGlobalSection
	GlobalSection(ProjectConfigurationPlatforms) = postSolution
		{CDE88BF0-DAAF-47B7-B13E-88BD23B141CD}.Debug|Any CPU.ActiveCfg = Debug|Any CPU
		{CDE88BF0-DAAF-47B7-B13E-88BD23B141CD}.Debug|Any CPU.Build.0 = Debug|Any CPU
		{CDE88BF0-DAAF-47B7-B13E-88BD23B141CD}.Release|Any CPU.ActiveCfg = Release|Any CPU
		{CDE88BF0-DAAF-47B7-B13E-88BD23B141CD}.Release|Any CPU.Build.0 = Release|Any CPU
	EndGlobalSection
	GlobalSection(SolutionProperties) = preSolution
		HideSolutionNode = FALSE
	EndGlobalSection
	GlobalSection(ExtensibilityGlobals) = postSolution
		SolutionGuid = {DB26A12B-EB71-4EB7-B06B-048052CFA335}
	EndGlobalSection
EndGlobal
